
Microsoft Visual Studio Solution File, Format Version 12.00
# Visual Studio Version 17
VisualStudioVersion = 17.1.32319.34
MinimumVisualStudioVersion = 10.0.40219.1
Project("{FAE04EC0-301F-11D3-BF4B-00C04F79EFBC}") = "BudgetTrackerApi", "BudgetTrackerApi\BudgetTrackerApi.csproj", "{19C69750-F0A2-4512-89B0-3237C587A306}"
EndProject
Global
	GlobalSection(SolutionConfigurationPlatforms) = preSolution
		Debug|Any CPU = Debug|Any CPU
		Release|Any CPU = Release|Any CPU
	EndGlobalSection
	GlobalSection(ProjectConfigurationPlatforms) = postSolution
		{19C69750-F0A2-4512-89B0-3237C587A306}.Debug|Any CPU.ActiveCfg = Debug|Any CPU
		{19C69750-F0A2-4512-89B0-3237C587A306}.Debug|Any CPU.Build.0 = Debug|Any CPU
		{19C69750-F0A2-4512-89B0-3237C587A306}.Release|Any CPU.ActiveCfg = Release|Any CPU
		{19C69750-F0A2-4512-89B0-3237C587A306}.Release|Any CPU.Build.0 = Release|Any CPU
	EndGlobalSection
	GlobalSection(SolutionProperties) = preSolution
		HideSolutionNode = FALSE
	EndGlobalSection
	GlobalSection(ExtensibilityGlobals) = postSolution
		SolutionGuid = {BF4D5939-9460-46A6-8461-4571BAF73DB2}
	EndGlobalSection
EndGlobal
